# THIS IS AN AUTOGENERATED FILE. DO NOT EDIT THIS FILE DIRECTLY.
# yarn lockfile v1


"esbuild-darwin-64@0.14.36":
  "integrity" "sha512-kkl6qmV0dTpyIMKagluzYqlc1vO0ecgpviK/7jwPbRDEv5fejRTaBBEE2KxEQbTHcLhiiDbhG7d5UybZWo/1zQ=="
  "resolved" "https://registry.npmjs.org/esbuild-darwin-64/-/esbuild-darwin-64-0.14.36.tgz"
  "version" "0.14.36"

"esbuild@^0.14.36":
  "integrity" "sha512-HhFHPiRXGYOCRlrhpiVDYKcFJRdO0sBElZ668M4lh2ER0YgnkLxECuFe7uWCf23FrcLc59Pqr7dHkTqmRPDHmw=="
  "resolved" "https://registry.npmjs.org/esbuild/-/esbuild-0.14.36.tgz"
  "version" "0.14.36"
  optionalDependencies:
    "esbuild-android-64" "0.14.36"
    "esbuild-android-arm64" "0.14.36"
    "esbuild-darwin-64" "0.14.36"
    "esbuild-darwin-arm64" "0.14.36"
    "esbuild-freebsd-64" "0.14.36"
    "esbuild-freebsd-arm64" "0.14.36"
    "esbuild-linux-32" "0.14.36"
    "esbuild-linux-64" "0.14.36"
    "esbuild-linux-arm" "0.14.36"
    "esbuild-linux-arm64" "0.14.36"
    "esbuild-linux-mips64le" "0.14.36"
    "esbuild-linux-ppc64le" "0.14.36"
    "esbuild-linux-riscv64" "0.14.36"
    "esbuild-linux-s390x" "0.14.36"
    "esbuild-netbsd-64" "0.14.36"
    "esbuild-openbsd-64" "0.14.36"
    "esbuild-sunos-64" "0.14.36"
    "esbuild-windows-32" "0.14.36"
    "esbuild-windows-64" "0.14.36"
    "esbuild-windows-arm64" "0.14.36"

"js-tokens@^3.0.0 || ^4.0.0":
  "integrity" "sha512-RdJUflcE3cUzKiMqQgsCu06FPu9UdIJO0beYbPhHN4k6apgJtifcoCtT9bcxOpYBtpD2kCM6Sbzg4CausW/PKQ=="
  "resolved" "https://registry.npmjs.org/js-tokens/-/js-tokens-4.0.0.tgz"
  "version" "4.0.0"

"loose-envify@^1.1.0":
  "integrity" "sha512-lyuxPGr/Wfhrlem2CL/UcnUc1zcqKAImBDzukY7Y5F/yQiNdko6+fRLevlw1HgMySw7f611UIY408EtxRSoK3Q=="
  "resolved" "https://registry.npmjs.org/loose-envify/-/loose-envify-1.4.0.tgz"
  "version" "1.4.0"
  dependencies:
    "js-tokens" "^3.0.0 || ^4.0.0"

"object-assign@^4.1.1":
  "integrity" "sha1-IQmtx5ZYh8/AXLvUQsrIv7s2CGM="
  "resolved" "https://registry.npmjs.org/object-assign/-/object-assign-4.1.1.tgz"
  "version" "4.1.1"

"react_ujs@^2.6.1", "react_ujs@^2.6.2":
  "integrity" "sha512-4WH91hVZp0533LsTjbcd9uI9xS/7/e4QkFbDpDjy8Pr7GuUt1gE+cM0zml7Ii9aSUDl2A/zzkUrLN5X9akmViQ=="
  "resolved" "https://registry.npmjs.org/react_ujs/-/react_ujs-2.6.2.tgz"
  "version" "2.6.2"
  dependencies:
    "react_ujs" "^2.6.1"

"react-dom@^17.0.0":
  "integrity" "sha512-s4h96KtLDUQlsENhMn1ar8t2bEa+q/YAtj8pPPdIjPDGBDIVNsrD9aXNWqspUe6AzKCIG0C1HZZLqLV7qpOBGA=="
  "resolved" "https://registry.npmjs.org/react-dom/-/react-dom-17.0.2.tgz"
  "version" "17.0.2"
  dependencies:
    "loose-envify" "^1.1.0"
    "object-assign" "^4.1.1"
    "scheduler" "^0.20.2"

"react-icons@^4.3.1":
  "integrity" "sha512-cB10MXLTs3gVuXimblAdI71jrJx8njrJZmNMEMC+sQu5B/BIOmlsAjskdqpn81y8UBVEGuHODd7/ci5DvoSzTQ=="
  "resolved" "https://registry.npmjs.org/react-icons/-/react-icons-4.3.1.tgz"
  "version" "4.3.1"

"react@*", "react@^17.0.0", "react@17.0.2":
  "integrity" "sha512-gnhPt75i/dq/z3/6q/0asP78D0u592D5L1pd7M8P+dck6Fu/jJeL6iVVK23fptSUZj8Vjf++7wXA8UNclGQcbA=="
  "resolved" "https://registry.npmjs.org/react/-/react-17.0.2.tgz"
  "version" "17.0.2"
  dependencies:
    "loose-envify" "^1.1.0"
    "object-assign" "^4.1.1"

"scheduler@^0.20.2":
  "integrity" "sha512-2eWfGgAqqWFGqtdMmcL5zCMK1U8KlXv8SQFGglL3CEtd0aDVDWgeF/YoCmvln55m5zSk3J/20hTaSBeSObsQDQ=="
  "resolved" "https://registry.npmjs.org/scheduler/-/scheduler-0.20.2.tgz"
  "version" "0.20.2"
  dependencies:
    "loose-envify" "^1.1.0"
    "object-assign" "^4.1.1"
